
Microsoft Visual Studio Solution File, Format Version 12.00
# Visual Studio Version 17
VisualStudioVersion = 17.6.33815.320
MinimumVisualStudioVersion = 10.0.40219.1
Project("{FAE04EC0-301F-11D3-BF4B-00C04F79EFBC}") = "Exercise12", "Exercise12\Exercise12.csproj", "{9975A802-E8C9-4573-B8FB-E4E3E57DFAAE}"
EndProject
Global
	GlobalSection(SolutionConfigurationPlatforms) = preSolution
		Debug|Any CPU = Debug|Any CPU
		Release|Any CPU = Release|Any CPU
	EndGlobalSection
	GlobalSection(ProjectConfigurationPlatforms) = postSolution
		{9975A802-E8C9-4573-B8FB-E4E3E57DFAAE}.Debug|Any CPU.ActiveCfg = Debug|Any CPU
		{9975A802-E8C9-4573-B8FB-E4E3E57DFAAE}.Debug|Any CPU.Build.0 = Debug|Any CPU
		{9975A802-E8C9-4573-B8FB-E4E3E57DFAAE}.Release|Any CPU.ActiveCfg = Release|Any CPU
		{9975A802-E8C9-4573-B8FB-E4E3E57DFAAE}.Release|Any CPU.Build.0 = Release|Any CPU
	EndGlobalSection
	GlobalSection(SolutionProperties) = preSolution
		HideSolutionNode = FALSE
	EndGlobalSection
	GlobalSection(ExtensibilityGlobals) = postSolution
		SolutionGuid = {BEB0A1B7-A73A-44E7-8BB1-5418A69FB1DA}
	EndGlobalSection
EndGlobal
